
Microsoft Visual Studio Solution File, Format Version 10.00
# Visual C++ Express 2008
Project("{8BC9CEB8-8B4A-11D0-8D11-00A0C91BC942}") = "LinkGrammarJava", "LinkGrammarJava.vcproj", "{D74DF531-C18E-4988-8A8C-4F23556DEC1B}"
EndProject
Project("{8BC9CEB8-8B4A-11D0-8D11-00A0C91BC942}") = "LinkGrammar", "LinkGrammar.vcproj", "{0A6C539A-3140-48BD-865C-05F45637B93B}"
EndProject
Project("{8BC9CEB8-8B4A-11D0-8D11-00A0C91BC942}") = "LinkGrammarExe", "LinkGrammarExe.vcproj", "{532EFF4D-758A-4705-91EE-9A4AC72C017B}"
EndProject
Global
	GlobalSection(SolutionConfigurationPlatforms) = preSolution
		Debug|Win32 = Debug|Win32
		Release|Win32 = Release|Win32
	EndGlobalSection
	GlobalSection(ProjectConfigurationPlatforms) = postSolution
		{D74DF531-C18E-4988-8A8C-4F23556DEC1B}.Debug|Win32.ActiveCfg = Debug|Win32
		{D74DF531-C18E-4988-8A8C-4F23556DEC1B}.Debug|Win32.Build.0 = Debug|Win32
		{D74DF531-C18E-4988-8A8C-4F23556DEC1B}.Release|Win32.ActiveCfg = Release|Win32
		{D74DF531-C18E-4988-8A8C-4F23556DEC1B}.Release|Win32.Build.0 = Release|Win32
		{0A6C539A-3140-48BD-865C-05F45637B93B}.Debug|Win32.ActiveCfg = Debug|Win32
		{0A6C539A-3140-48BD-865C-05F45637B93B}.Debug|Win32.Build.0 = Debug|Win32
		{0A6C539A-3140-48BD-865C-05F45637B93B}.Release|Win32.ActiveCfg = Release|Win32
		{0A6C539A-3140-48BD-865C-05F45637B93B}.Release|Win32.Build.0 = Release|Win32
		{532EFF4D-758A-4705-91EE-9A4AC72C017B}.Debug|Win32.ActiveCfg = Debug|Win32
		{532EFF4D-758A-4705-91EE-9A4AC72C017B}.Debug|Win32.Build.0 = Debug|Win32
		{532EFF4D-758A-4705-91EE-9A4AC72C017B}.Release|Win32.ActiveCfg = Release|Win32
		{532EFF4D-758A-4705-91EE-9A4AC72C017B}.Release|Win32.Build.0 = Release|Win32
	EndGlobalSection
	GlobalSection(SolutionProperties) = preSolution
		HideSolutionNode = FALSE
	EndGlobalSection
EndGlobal
