<?xml version="1.0" encoding="utf-8"?>
<Project ToolsVersion="4.0" xmlns="http://schemas.microsoft.com/developer/msbuild/2003">
  <ItemGroup>
    <Filter Include="Source Files">
      <UniqueIdentifier>{4FC737F1-C7A5-4376-A066-2A32D752A2FF}</UniqueIdentifier>
      <Extensions>cpp;c;cc;cxx;def;odl;idl;hpj;bat;asm;asmx</Extensions>
    </Filter>
    <Filter Include="Header Files">
      <UniqueIdentifier>{93995380-89BD-4b04-88EB-625FBE52EBFB}</UniqueIdentifier>
      <Extensions>h;hpp;hxx;hm;inl;inc;xsd</Extensions>
    </Filter>
    <Filter Include="Resource Files">
      <UniqueIdentifier>{67DA6AB6-F800-4c08-8B7A-83BB121AAD01}</UniqueIdentifier>
      <Extensions>rc;ico;cur;bmp;dlg;rc2;rct;bin;rgs;gif;jpg;jpeg;jpe;resx;tiff;tif;png;wav</Extensions>
    </Filter>
  </ItemGroup>
  <ItemGroup>
    <ClCompile Include="..\link-grammar\analyze-linkage.c">
      <Filter>Source Files</Filter>
    </ClCompile>
    <ClCompile Include="..\link-grammar\and.c">
      <Filter>Source Files</Filter>
    </ClCompile>
    <ClCompile Include="..\link-grammar\api.c">
      <Filter>Source Files</Filter>
    </ClCompile>
    <ClCompile Include="..\link-grammar\build-disjuncts.c">
      <Filter>Source Files</Filter>
    </ClCompile>
    <ClCompile Include="..\link-grammar\constituents.c">
      <Filter>Source Files</Filter>
    </ClCompile>
    <ClCompile Include="..\link-grammar\count.c">
      <Filter>Source Files</Filter>
    </ClCompile>
    <ClCompile Include="..\link-grammar\dictionary.c">
      <Filter>Source Files</Filter>
    </ClCompile>
    <ClCompile Include="..\link-grammar\disjunct-utils.c">
      <Filter>Source Files</Filter>
    </ClCompile>
    <ClCompile Include="..\link-grammar\disjuncts.c">
      <Filter>Source Files</Filter>
    </ClCompile>
    <ClCompile Include="..\link-grammar\error.c">
      <Filter>Source Files</Filter>
    </ClCompile>
    <ClCompile Include="..\link-grammar\expand.c">
      <Filter>Source Files</Filter>
    </ClCompile>
    <ClCompile Include="..\link-grammar\extract-links.c">
      <Filter>Source Files</Filter>
    </ClCompile>
    <ClCompile Include="..\link-grammar\fast-match.c">
      <Filter>Source Files</Filter>
    </ClCompile>
    <ClCompile Include="..\link-grammar\idiom.c">
      <Filter>Source Files</Filter>
    </ClCompile>
    <ClCompile Include="..\link-grammar\massage.c">
      <Filter>Source Files</Filter>
    </ClCompile>
    <ClCompile Include="..\link-grammar\post-process.c">
      <Filter>Source Files</Filter>
    </ClCompile>
    <ClCompile Include="..\link-grammar\pp_knowledge.c">
      <Filter>Source Files</Filter>
    </ClCompile>
    <ClCompile Include="..\link-grammar\pp_lexer.c">
      <Filter>Source Files</Filter>
    </ClCompile>
    <ClCompile Include="..\link-grammar\pp_linkset.c">
      <Filter>Source Files</Filter>
    </ClCompile>
    <ClCompile Include="..\link-grammar\prefix.c">
      <Filter>Source Files</Filter>
    </ClCompile>
    <ClCompile Include="..\link-grammar\preparation.c">
      <Filter>Source Files</Filter>
    </ClCompile>
    <ClCompile Include="..\link-grammar\print-util.c">
      <Filter>Source Files</Filter>
    </ClCompile>
    <ClCompile Include="..\link-grammar\print.c">
      <Filter>Source Files</Filter>
    </ClCompile>
    <ClCompile Include="..\link-grammar\prune.c">
      <Filter>Source Files</Filter>
    </ClCompile>
    <ClCompile Include="..\link-grammar\read-dict.c">
      <Filter>Source Files</Filter>
    </ClCompile>
    <ClCompile Include="..\link-grammar\read-regex.c">
      <Filter>Source Files</Filter>
    </ClCompile>
    <ClCompile Include="..\link-grammar\regex-morph.c">
      <Filter>Source Files</Filter>
    </ClCompile>
    <ClCompile Include="..\link-grammar\resources.c">
      <Filter>Source Files</Filter>
    </ClCompile>
    <ClCompile Include="..\link-grammar\spellcheck-aspell.c">
      <Filter>Source Files</Filter>
    </ClCompile>
    <ClCompile Include="..\link-grammar\spellcheck-hun.c">
      <Filter>Source Files</Filter>
    </ClCompile>
    <ClCompile Include="..\link-grammar\string-set.c">
      <Filter>Source Files</Filter>
    </ClCompile>
    <ClCompile Include="..\link-grammar\tokenize.c">
      <Filter>Source Files</Filter>
    </ClCompile>
    <ClCompile Include="..\link-grammar\utilities.c">
      <Filter>Source Files</Filter>
    </ClCompile>
    <ClCompile Include="..\link-grammar\word-file.c">
      <Filter>Source Files</Filter>
    </ClCompile>
    <ClCompile Include="..\link-grammar\word-utils.c">
      <Filter>Source Files</Filter>
    </ClCompile>
    <ClCompile Include="..\link-parser\command-line.c">
      <Filter>Source Files</Filter>
    </ClCompile>
    <ClCompile Include="..\link-parser\lg_readline.c">
      <Filter>Source Files</Filter>
    </ClCompile>
    <ClCompile Include="..\link-parser\link-parser.c">
      <Filter>Source Files</Filter>
    </ClCompile>
  </ItemGroup>
</Project>