
Microsoft Visual Studio Solution File, Format Version 12.00
# Visual Studio Version 16
VisualStudioVersion = 16.0.32002.261
MinimumVisualStudioVersion = 10.0.40219.1
Project("{8BC9CEB8-8B4A-11D0-8D11-00A0C91BC942}") = "LinkGrammarJava", "LinkGrammarJava.vcxproj", "{D74DF531-C18E-4988-8A8C-4F23556DEC1B}"
	ProjectSection(ProjectDependencies) = postProject
		{0A6C539A-3140-48BD-865C-05F45637B93B} = {0A6C539A-3140-48BD-865C-05F45637B93B}
	EndProjectSection
EndProject
Project("{8BC9CEB8-8B4A-11D0-8D11-00A0C91BC942}") = "LinkGrammar", "LinkGrammar.vcxproj", "{0A6C539A-3140-48BD-865C-05F45637B93B}"
EndProject
Project("{8BC9CEB8-8B4A-11D0-8D11-00A0C91BC942}") = "LinkGrammarExe", "LinkGrammarExe.vcxproj", "{532EFF4D-758A-4705-91EE-9A4AC72C017B}"
	ProjectSection(ProjectDependencies) = postProject
		{0A6C539A-3140-48BD-865C-05F45637B93B} = {0A6C539A-3140-48BD-865C-05F45637B93B}
	EndProjectSection
EndProject
Project("{8BC9CEB8-8B4A-11D0-8D11-00A0C91BC942}") = "Python3", "Python3.vcxproj", "{B3AF571B-F80D-4A9C-A8C4-29026316A000}"
EndProject
Project("{8BC9CEB8-8B4A-11D0-8D11-00A0C91BC942}") = "LinkGenerator", "LinkGenerator.vcxproj", "{C86F1C7F-9E10-4E2B-BD8A-7152BDBC0B99}"
	ProjectSection(ProjectDependencies) = postProject
		{0A6C539A-3140-48BD-865C-05F45637B93B} = {0A6C539A-3140-48BD-865C-05F45637B93B}
	EndProjectSection
EndProject
Global
	GlobalSection(SolutionConfigurationPlatforms) = preSolution
		Debug|Win32 = Debug|Win32
		Debug|x64 = Debug|x64
		Release|Win32 = Release|Win32
		Release|x64 = Release|x64
	EndGlobalSection
	GlobalSection(ProjectConfigurationPlatforms) = postSolution
		{D74DF531-C18E-4988-8A8C-4F23556DEC1B}.Debug|Win32.ActiveCfg = Debug|Win32
		{D74DF531-C18E-4988-8A8C-4F23556DEC1B}.Debug|x64.ActiveCfg = Debug|x64
		{D74DF531-C18E-4988-8A8C-4F23556DEC1B}.Release|Win32.ActiveCfg = Release|Win32
		{D74DF531-C18E-4988-8A8C-4F23556DEC1B}.Release|x64.ActiveCfg = Release|x64
		{0A6C539A-3140-48BD-865C-05F45637B93B}.Debug|Win32.ActiveCfg = Debug|Win32
		{0A6C539A-3140-48BD-865C-05F45637B93B}.Debug|Win32.Build.0 = Debug|Win32
		{0A6C539A-3140-48BD-865C-05F45637B93B}.Debug|x64.ActiveCfg = Debug|x64
		{0A6C539A-3140-48BD-865C-05F45637B93B}.Debug|x64.Build.0 = Debug|x64
		{0A6C539A-3140-48BD-865C-05F45637B93B}.Release|Win32.ActiveCfg = Release|Win32
		{0A6C539A-3140-48BD-865C-05F45637B93B}.Release|Win32.Build.0 = Release|Win32
		{0A6C539A-3140-48BD-865C-05F45637B93B}.Release|x64.ActiveCfg = Release|x64
		{0A6C539A-3140-48BD-865C-05F45637B93B}.Release|x64.Build.0 = Release|x64
		{532EFF4D-758A-4705-91EE-9A4AC72C017B}.Debug|Win32.ActiveCfg = Debug|Win32
		{532EFF4D-758A-4705-91EE-9A4AC72C017B}.Debug|Win32.Build.0 = Debug|Win32
		{532EFF4D-758A-4705-91EE-9A4AC72C017B}.Debug|x64.ActiveCfg = Debug|x64
		{532EFF4D-758A-4705-91EE-9A4AC72C017B}.Debug|x64.Build.0 = Debug|x64
		{532EFF4D-758A-4705-91EE-9A4AC72C017B}.Release|Win32.ActiveCfg = Release|Win32
		{532EFF4D-758A-4705-91EE-9A4AC72C017B}.Release|Win32.Build.0 = Release|Win32
		{532EFF4D-758A-4705-91EE-9A4AC72C017B}.Release|x64.ActiveCfg = Release|x64
		{532EFF4D-758A-4705-91EE-9A4AC72C017B}.Release|x64.Build.0 = Release|x64
		{B3AF571B-F80D-4A9C-A8C4-29026316A000}.Debug|Win32.ActiveCfg = Debug|Win32
		{B3AF571B-F80D-4A9C-A8C4-29026316A000}.Debug|Win32.Build.0 = Debug|Win32
		{B3AF571B-F80D-4A9C-A8C4-29026316A000}.Debug|x64.ActiveCfg = Debug|x64
		{B3AF571B-F80D-4A9C-A8C4-29026316A000}.Debug|x64.Build.0 = Debug|x64
		{B3AF571B-F80D-4A9C-A8C4-29026316A000}.Release|Win32.ActiveCfg = Release|Win32
		{B3AF571B-F80D-4A9C-A8C4-29026316A000}.Release|Win32.Build.0 = Release|Win32
		{B3AF571B-F80D-4A9C-A8C4-29026316A000}.Release|x64.ActiveCfg = Release|x64
		{B3AF571B-F80D-4A9C-A8C4-29026316A000}.Release|x64.Build.0 = Release|x64
		{C86F1C7F-9E10-4E2B-BD8A-7152BDBC0B99}.Debug|Win32.ActiveCfg = Debug|Win32
		{C86F1C7F-9E10-4E2B-BD8A-7152BDBC0B99}.Debug|Win32.Build.0 = Debug|Win32
		{C86F1C7F-9E10-4E2B-BD8A-7152BDBC0B99}.Debug|x64.ActiveCfg = Debug|x64
		{C86F1C7F-9E10-4E2B-BD8A-7152BDBC0B99}.Debug|x64.Build.0 = Debug|x64
		{C86F1C7F-9E10-4E2B-BD8A-7152BDBC0B99}.Release|Win32.ActiveCfg = Release|Win32
		{C86F1C7F-9E10-4E2B-BD8A-7152BDBC0B99}.Release|Win32.Build.0 = Release|Win32
		{C86F1C7F-9E10-4E2B-BD8A-7152BDBC0B99}.Release|x64.ActiveCfg = Release|x64
		{C86F1C7F-9E10-4E2B-BD8A-7152BDBC0B99}.Release|x64.Build.0 = Release|x64
	EndGlobalSection
	GlobalSection(SolutionProperties) = preSolution
		HideSolutionNode = FALSE
	EndGlobalSection
	GlobalSection(ExtensibilityGlobals) = postSolution
		SolutionGuid = {7B2D634D-D376-4321-9515-3428ADBD4140}
	EndGlobalSection
EndGlobal
