<?xml version="1.0" encoding="utf-8"?>
<Project ToolsVersion="4.0" xmlns="http://schemas.microsoft.com/developer/msbuild/2003">
  <ItemGroup>
    <Filter Include="Header Files">
      <UniqueIdentifier>{93995380-89BD-4b04-88EB-625FBE52EBFB}</UniqueIdentifier>
      <Extensions>h;hpp;hxx;hm;inl;inc;xsd</Extensions>
    </Filter>
    <Filter Include="Resource Files">
      <UniqueIdentifier>{67DA6AB6-F800-4c08-8B7A-83BB121AAD01}</UniqueIdentifier>
      <Extensions>rc;ico;cur;bmp;dlg;rc2;rct;bin;rgs;gif;jpg;jpeg;jpe;resx</Extensions>
    </Filter>
    <Filter Include="Source Files">
      <UniqueIdentifier>{4FC737F1-C7A5-4376-A066-2A32D752A2FF}</UniqueIdentifier>
      <Extensions>cpp;c;cc;cxx;def;odl;idl;hpj;bat;asm;asmx</Extensions>
    </Filter>
  </ItemGroup>
  <ItemGroup>
    <ClCompile Include="..\link-grammar\api.c">
      <Filter>Source Files</Filter>
    </ClCompile>
    <ClCompile Include="..\link-grammar\dict-file\dictionary.c">
      <Filter>Source Files</Filter>
    </ClCompile>
    <ClCompile Include="..\link-grammar\dict-file\read-dict.c">
      <Filter>Source Files</Filter>
    </ClCompile>
    <ClCompile Include="..\link-grammar\dict-file\read-regex.c">
      <Filter>Source Files</Filter>
    </ClCompile>
    <ClCompile Include="..\link-grammar\dict-file\word-file.c">
      <Filter>Source Files</Filter>
    </ClCompile>
    <ClCompile Include="..\link-grammar\disjunct-utils.c">
      <Filter>Source Files</Filter>
    </ClCompile>
    <ClCompile Include="..\link-grammar\error.c">
      <Filter>Source Files</Filter>
    </ClCompile>
    <ClCompile Include="..\link-grammar\resources.c">
      <Filter>Source Files</Filter>
    </ClCompile>
    <ClCompile Include="..\link-grammar\string-set.c">
      <Filter>Source Files</Filter>
    </ClCompile>
    <ClCompile Include="..\link-grammar\utilities.c">
      <Filter>Source Files</Filter>
    </ClCompile>
    <ClCompile Include="..\link-grammar\print\print.c">
      <Filter>Source Files</Filter>
    </ClCompile>
    <ClCompile Include="..\link-grammar\print\print-util.c">
      <Filter>Source Files</Filter>
    </ClCompile>
    <ClCompile Include="..\link-grammar\post-process\post-process.c">
      <Filter>Source Files</Filter>
    </ClCompile>
    <ClCompile Include="..\link-grammar\post-process\pp_knowledge.c">
      <Filter>Source Files</Filter>
    </ClCompile>
    <ClCompile Include="..\link-grammar\post-process\pp_linkset.c">
      <Filter>Source Files</Filter>
    </ClCompile>
    <ClCompile Include="..\link-grammar\tokenize\anysplit.c">
      <Filter>Source Files</Filter>
    </ClCompile>
    <ClCompile Include="..\link-grammar\tokenize\regex-tokenizer.c">
      <Filter>Source Files</Filter>
    </ClCompile>
    <ClCompile Include="..\link-grammar\tokenize\spellcheck-aspell.c">
      <Filter>Source Files</Filter>
    </ClCompile>
    <ClCompile Include="..\link-grammar\tokenize\spellcheck-hun.c">
      <Filter>Source Files</Filter>
    </ClCompile>
    <ClCompile Include="..\link-grammar\tokenize\tokenize.c">
      <Filter>Source Files</Filter>
    </ClCompile>
    <ClCompile Include="..\link-grammar\tokenize\wordgraph.c">
      <Filter>Source Files</Filter>
    </ClCompile>
    <ClCompile Include="..\link-grammar\print\wcwidth.c">
      <Filter>Source Files</Filter>
    </ClCompile>
    <ClCompile Include="..\link-grammar\dict-common\regex-morph.c">
      <Filter>Source Files</Filter>
    </ClCompile>
    <ClCompile Include="..\link-grammar\dict-common\print-dict.c">
      <Filter>Source Files</Filter>
    </ClCompile>
    <ClCompile Include="..\link-grammar\dict-common\idiom.c">
      <Filter>Source Files</Filter>
    </ClCompile>
    <ClCompile Include="..\link-grammar\dict-common\dict-common.c">
      <Filter>Source Files</Filter>
    </ClCompile>
    <ClCompile Include="..\link-grammar\parse\count.c">
      <Filter>Source Files</Filter>
    </ClCompile>
    <ClCompile Include="..\link-grammar\parse\extract-links.c">
      <Filter>Source Files</Filter>
    </ClCompile>
    <ClCompile Include="..\link-grammar\parse\fast-match.c">
      <Filter>Source Files</Filter>
    </ClCompile>
    <ClCompile Include="..\link-grammar\parse\histogram.c">
      <Filter>Source Files</Filter>
    </ClCompile>
    <ClCompile Include="..\link-grammar\parse\preparation.c">
      <Filter>Source Files</Filter>
    </ClCompile>
    <ClCompile Include="..\link-grammar\parse\prune.c">
      <Filter>Source Files</Filter>
    </ClCompile>
    <ClCompile Include="..\link-grammar\linkage\analyze-linkage.c">
      <Filter>Source Files</Filter>
    </ClCompile>
    <ClCompile Include="..\link-grammar\linkage\freeli.c">
      <Filter>Source Files</Filter>
    </ClCompile>
    <ClCompile Include="..\link-grammar\linkage\linkage.c">
      <Filter>Source Files</Filter>
    </ClCompile>
    <ClCompile Include="..\link-grammar\linkage\lisjuncts.c">
      <Filter>Source Files</Filter>
    </ClCompile>
    <ClCompile Include="..\link-grammar\linkage\sane.c">
      <Filter>Source Files</Filter>
    </ClCompile>
    <ClCompile Include="..\link-grammar\linkage\score.c">
      <Filter>Source Files</Filter>
    </ClCompile>
    <ClCompile Include="..\link-grammar\prepare\build-disjuncts.c">
      <Filter>Source Files</Filter>
    </ClCompile>
    <ClCompile Include="..\link-grammar\prepare\exprune.c">
      <Filter>Source Files</Filter>
    </ClCompile>
    <ClCompile Include="..\link-grammar\dict-common\dict-utils.c">
      <Filter>Source Files</Filter>
    </ClCompile>
    <ClCompile Include="..\link-grammar\connectors.c">
      <Filter>Source Files</Filter>
    </ClCompile>
    <ClCompile Include="..\link-grammar\parse\parse.c">
      <Filter>Source Files</Filter>
    </ClCompile>
    <ClCompile Include="..\link-grammar\dict-common\dict-impl.c">
      <Filter>Source Files</Filter>
    </ClCompile>
    <ClCompile Include="..\link-grammar\dict-common\file-utils.c">
      <Filter>Source Files</Filter>
    </ClCompile>
    <ClCompile Include="..\link-grammar\post-process\constituents.c">
      <Filter>Source Files</Filter>
    </ClCompile>
    <ClCompile Include="..\link-grammar\post-process\pp_lexer.c">
      <Filter>Source Files</Filter>
    </ClCompile>
    <ClCompile Include="..\link-grammar\tokenize\wg-display.c">
      <Filter>Source Files</Filter>
    </ClCompile>
    <ClCompile Include="..\link-grammar\memory-pool.c">
      <Filter>Source Files</Filter>
    </ClCompile>
    <ClCompile Include="..\link-grammar\tracon-set.c">
      <Filter>Source Files</Filter>
    </ClCompile>
  </ItemGroup>
  <ItemGroup>
    <ClInclude Include="..\link-grammar\api-structures.h">
      <Filter>Header Files</Filter>
    </ClInclude>
    <ClInclude Include="..\link-grammar\api-types.h">
      <Filter>Header Files</Filter>
    </ClInclude>
    <ClInclude Include="..\link-grammar\dict-file\read-dict.h">
      <Filter>Header Files</Filter>
    </ClInclude>
    <ClInclude Include="..\link-grammar\dict-file\read-regex.h">
      <Filter>Header Files</Filter>
    </ClInclude>
    <ClInclude Include="..\link-grammar\dict-file\word-file.h">
      <Filter>Header Files</Filter>
    </ClInclude>
    <ClInclude Include="..\link-grammar\disjunct-utils.h">
      <Filter>Header Files</Filter>
    </ClInclude>
    <ClInclude Include="..\link-grammar\error.h">
      <Filter>Header Files</Filter>
    </ClInclude>
    <ClInclude Include="..\link-grammar\externs.h">
      <Filter>Header Files</Filter>
    </ClInclude>
    <ClInclude Include="..\link-grammar\link-includes.h">
      <Filter>Header Files</Filter>
    </ClInclude>
    <ClInclude Include="..\link-grammar\resources.h">
      <Filter>Header Files</Filter>
    </ClInclude>
    <ClInclude Include="..\link-grammar\string-set.h">
      <Filter>Header Files</Filter>
    </ClInclude>
    <ClInclude Include="..\link-grammar\utilities.h">
      <Filter>Header Files</Filter>
    </ClInclude>
    <ClInclude Include="..\link-grammar\lg_assert.h">
      <Filter>Header Files</Filter>
    </ClInclude>
    <ClInclude Include="..\link-grammar\post-process\post-process.h">
      <Filter>Header Files</Filter>
    </ClInclude>
    <ClInclude Include="..\link-grammar\post-process\pp_knowledge.h">
      <Filter>Header Files</Filter>
    </ClInclude>
    <ClInclude Include="..\link-grammar\post-process\pp_lexer.h">
      <Filter>Header Files</Filter>
    </ClInclude>
    <ClInclude Include="..\link-grammar\print\print.h">
      <Filter>Header Files</Filter>
    </ClInclude>
    <ClInclude Include="..\link-grammar\print\print-util.h">
      <Filter>Header Files</Filter>
    </ClInclude>
    <ClInclude Include="..\link-grammar\post-process\pp_linkset.h">
      <Filter>Header Files</Filter>
    </ClInclude>
    <ClInclude Include="..\link-grammar\tokenize\anysplit.h">
      <Filter>Header Files</Filter>
    </ClInclude>
    <ClInclude Include="..\link-grammar\tokenize\regex-tokenizer.h">
      <Filter>Header Files</Filter>
    </ClInclude>
    <ClInclude Include="..\link-grammar\tokenize\spellcheck.h">
      <Filter>Header Files</Filter>
    </ClInclude>
    <ClInclude Include="..\link-grammar\tokenize\tokenize.h">
      <Filter>Header Files</Filter>
    </ClInclude>
    <ClInclude Include="..\link-grammar\tokenize\tok-structures.h">
      <Filter>Header Files</Filter>
    </ClInclude>
    <ClInclude Include="..\link-grammar\tokenize\wordgraph.h">
      <Filter>Header Files</Filter>
    </ClInclude>
    <ClInclude Include="..\link-grammar\parse\count.h">
      <Filter>Header Files</Filter>
    </ClInclude>
    <ClInclude Include="..\link-grammar\parse\extract-links.h">
      <Filter>Header Files</Filter>
    </ClInclude>
    <ClInclude Include="..\link-grammar\parse\fast-match.h">
      <Filter>Header Files</Filter>
    </ClInclude>
    <ClInclude Include="..\link-grammar\parse\histogram.h">
      <Filter>Header Files</Filter>
    </ClInclude>
    <ClInclude Include="..\link-grammar\parse\preparation.h">
      <Filter>Header Files</Filter>
    </ClInclude>
    <ClInclude Include="..\link-grammar\parse\prune.h">
      <Filter>Header Files</Filter>
    </ClInclude>
    <ClInclude Include="..\link-grammar\linkage\analyze-linkage.h">
      <Filter>Header Files</Filter>
    </ClInclude>
    <ClInclude Include="..\link-grammar\linkage\linkage.h">
      <Filter>Header Files</Filter>
    </ClInclude>
    <ClInclude Include="..\link-grammar\linkage\lisjuncts.h">
      <Filter>Header Files</Filter>
    </ClInclude>
    <ClInclude Include="..\link-grammar\linkage\sane.h">
      <Filter>Header Files</Filter>
    </ClInclude>
    <ClInclude Include="..\link-grammar\linkage\score.h">
      <Filter>Header Files</Filter>
    </ClInclude>
    <ClInclude Include="..\link-grammar\connectors.h">
      <Filter>Header Files</Filter>
    </ClInclude>
    <ClInclude Include="..\link-grammar\parse\parse.h">
      <Filter>Header Files</Filter>
    </ClInclude>
    <ClInclude Include="..\link-grammar\dict-common\dict-affix.h">
      <Filter>Header Files</Filter>
    </ClInclude>
    <ClInclude Include="..\link-grammar\dict-common\dict-api.h">
      <Filter>Header Files</Filter>
    </ClInclude>
    <ClInclude Include="..\link-grammar\dict-common\dict-common.h">
      <Filter>Header Files</Filter>
    </ClInclude>
    <ClInclude Include="..\link-grammar\dict-common\dict-defines.h">
      <Filter>Header Files</Filter>
    </ClInclude>
    <ClInclude Include="..\link-grammar\dict-common\dict-impl.h">
      <Filter>Header Files</Filter>
    </ClInclude>
    <ClInclude Include="..\link-grammar\dict-common\dict-structures.h">
      <Filter>Header Files</Filter>
    </ClInclude>
    <ClInclude Include="..\link-grammar\dict-common\dict-utils.h">
      <Filter>Header Files</Filter>
    </ClInclude>
    <ClInclude Include="..\link-grammar\dict-common\file-utils.h">
      <Filter>Header Files</Filter>
    </ClInclude>
    <ClInclude Include="..\link-grammar\dict-common\idiom.h">
      <Filter>Header Files</Filter>
    </ClInclude>
    <ClInclude Include="..\link-grammar\dict-common\regex-morph.h">
      <Filter>Header Files</Filter>
    </ClInclude>
    <ClInclude Include="..\link-grammar\post-process\pp-structures.h">
      <Filter>Header Files</Filter>
    </ClInclude>
    <ClInclude Include="..\link-grammar\prepare\build-disjuncts.h">
      <Filter>Header Files</Filter>
    </ClInclude>
    <ClInclude Include="..\link-grammar\prepare\exprune.h">
      <Filter>Header Files</Filter>
    </ClInclude>
    <ClInclude Include="..\link-grammar\dict-sql\read-sql.h">
      <Filter>Header Files</Filter>
    </ClInclude>
    <ClInclude Include="..\link-grammar\print\wcwidth.h">
      <Filter>Header Files</Filter>
    </ClInclude>
    <ClInclude Include="..\link-grammar\tokenize\word-structures.h">
      <Filter>Header Files</Filter>
    </ClInclude>
    <ClInclude Include="..\link-grammar\memory-pool.h">
      <Filter>Header Files</Filter>
    </ClInclude>
    <ClInclude Include="link-grammar\link-features.h">
      <Filter>Header Files</Filter>
    </ClInclude>
    <ClInclude Include="..\link-grammar\tracon-set.h">
      <Filter>Header Files</Filter>
    </ClInclude>
  </ItemGroup>
  <ItemGroup>
    <CustomBuild Include="..\link-grammar\link-features.h.in" />
  </ItemGroup>
  <ItemGroup>
    <Flex Include="..\link-grammar\post-process\pp_lexer.l">
      <Filter>Source Files</Filter>
    </Flex>
  </ItemGroup>
</Project>